Microsoft Visual Studio Solution File, Format Version 12.00
# Visual Studio 15
VisualStudioVersion = 15.0.27130.2027
MinimumVisualStudioVersion = 15.0.26124.0
Project("{2150E333-8FDC-42A3-9474-1A3956D46DE8}") = "src", "src", "{3309E46E-1D5E-44CA-BFB7-C66406990377}"
EndProject
Project("{9A19103F-16F7-4668-BE54-9A1E7A4F7556}") = "jp.tamagotchi.data", "src\jp.tamagotchi.data\jp.tamagotchi.data.csproj", "{AAD8F121-3376-4A29-8DC3-63ADB0A80C89}"
EndProject
Project("{2150E333-8FDC-42A3-9474-1A3956D46DE8}") = "test", "test", "{ED27D83D-55FA-4ACD-9A35-3A36F259B40F}"
EndProject
Project("{9A19103F-16F7-4668-BE54-9A1E7A4F7556}") = "jp.tamagotchi.data.test", "test\jp.tamagotchi.data.test\jp.tamagotchi.data.test.csproj", "{818DC7F1-ADFA-4B5C-8E95-65E938E54B35}"
EndProject
Global
	GlobalSection(SolutionConfigurationPlatforms) = preSolution
		Debug|Any CPU = Debug|Any CPU
		Debug|x64 = Debug|x64
		Debug|x86 = Debug|x86
		Release|Any CPU = Release|Any CPU
		Release|x64 = Release|x64
		Release|x86 = Release|x86
	EndGlobalSection
	GlobalSection(ProjectConfigurationPlatforms) = postSolution
		{AAD8F121-3376-4A29-8DC3-63ADB0A80C89}.Debug|Any CPU.ActiveCfg = Debug|Any CPU
		{AAD8F121-3376-4A29-8DC3-63ADB0A80C89}.Debug|Any CPU.Build.0 = Debug|Any CPU
		{AAD8F121-3376-4A29-8DC3-63ADB0A80C89}.Debug|x64.ActiveCfg = Debug|Any CPU
		{AAD8F121-3376-4A29-8DC3-63ADB0A80C89}.Debug|x64.Build.0 = Debug|Any CPU
		{AAD8F121-3376-4A29-8DC3-63ADB0A80C89}.Debug|x86.ActiveCfg = Debug|Any CPU
		{AAD8F121-3376-4A29-8DC3-63ADB0A80C89}.Debug|x86.Build.0 = Debug|Any CPU
		{AAD8F121-3376-4A29-8DC3-63ADB0A80C89}.Release|Any CPU.ActiveCfg = Release|Any CPU
		{AAD8F121-3376-4A29-8DC3-63ADB0A80C89}.Release|Any CPU.Build.0 = Release|Any CPU
		{AAD8F121-3376-4A29-8DC3-63ADB0A80C89}.Release|x64.ActiveCfg = Release|Any CPU
		{AAD8F121-3376-4A29-8DC3-63ADB0A80C89}.Release|x64.Build.0 = Release|Any CPU
		{AAD8F121-3376-4A29-8DC3-63ADB0A80C89}.Release|x86.ActiveCfg = Release|Any CPU
		{AAD8F121-3376-4A29-8DC3-63ADB0A80C89}.Release|x86.Build.0 = Release|Any CPU
		{818DC7F1-ADFA-4B5C-8E95-65E938E54B35}.Debug|Any CPU.ActiveCfg = Debug|Any CPU
		{818DC7F1-ADFA-4B5C-8E95-65E938E54B35}.Debug|Any CPU.Build.0 = Debug|Any CPU
		{818DC7F1-ADFA-4B5C-8E95-65E938E54B35}.Debug|x64.ActiveCfg = Debug|Any CPU
		{818DC7F1-ADFA-4B5C-8E95-65E938E54B35}.Debug|x64.Build.0 = Debug|Any CPU
		{818DC7F1-ADFA-4B5C-8E95-65E938E54B35}.Debug|x86.ActiveCfg = Debug|Any CPU
		{818DC7F1-ADFA-4B5C-8E95-65E938E54B35}.Debug|x86.Build.0 = Debug|Any CPU
		{818DC7F1-ADFA-4B5C-8E95-65E938E54B35}.Release|Any CPU.ActiveCfg = Release|Any CPU
		{818DC7F1-ADFA-4B5C-8E95-65E938E54B35}.Release|Any CPU.Build.0 = Release|Any CPU
		{818DC7F1-ADFA-4B5C-8E95-65E938E54B35}.Release|x64.ActiveCfg = Release|Any CPU
		{818DC7F1-ADFA-4B5C-8E95-65E938E54B35}.Release|x64.Build.0 = Release|Any CPU
		{818DC7F1-ADFA-4B5C-8E95-65E938E54B35}.Release|x86.ActiveCfg = Release|Any CPU
		{818DC7F1-ADFA-4B5C-8E95-65E938E54B35}.Release|x86.Build.0 = Release|Any CPU
	EndGlobalSection
	GlobalSection(SolutionProperties) = preSolution
		HideSolutionNode = FALSE
	EndGlobalSection
	GlobalSection(NestedProjects) = preSolution
		{AAD8F121-3376-4A29-8DC3-63ADB0A80C89} = {3309E46E-1D5E-44CA-BFB7-C66406990377}
		{818DC7F1-ADFA-4B5C-8E95-65E938E54B35} = {ED27D83D-55FA-4ACD-9A35-3A36F259B40F}
	EndGlobalSection
	GlobalSection(ExtensibilityGlobals) = postSolution
		SolutionGuid = {F72C08F2-9237-48E4-A0C7-922BAECB305F}
	EndGlobalSection
EndGlobal
